
Microsoft Visual Studio Solution File, Format Version 12.00
# Visual Studio Version 17
VisualStudioVersion = 17.11.35312.102
MinimumVisualStudioVersion = 10.0.40219.1
Project("{FAE04EC0-301F-11D3-BF4B-00C04F79EFBC}") = "Dewi", "Dewi.csproj", "{AB84B7A3-D43F-499A-AD61-B743F5274008}"
EndProject
Global
	GlobalSection(SolutionConfigurationPlatforms) = preSolution
		Debug|Any CPU = Debug|Any CPU
		Release|Any CPU = Release|Any CPU
	EndGlobalSection
	GlobalSection(ProjectConfigurationPlatforms) = postSolution
		{AB84B7A3-D43F-499A-AD61-B743F5274008}.Debug|Any CPU.ActiveCfg = Debug|Any CPU
		{AB84B7A3-D43F-499A-AD61-B743F5274008}.Debug|Any CPU.Build.0 = Debug|Any CPU
		{AB84B7A3-D43F-499A-AD61-B743F5274008}.Release|Any CPU.ActiveCfg = Release|Any CPU
		{AB84B7A3-D43F-499A-AD61-B743F5274008}.Release|Any CPU.Build.0 = Release|Any CPU
	EndGlobalSection
	GlobalSection(SolutionProperties) = preSolution
		HideSolutionNode = FALSE
	EndGlobalSection
	GlobalSection(ExtensibilityGlobals) = postSolution
		SolutionGuid = {237CEB2E-F5EB-43CF-80C5-5C8793039071}
	EndGlobalSection
EndGlobal
